{
  "nodes": {
    "arch-lint": {
      "inputs": {
        "nix_filter": "nix_filter",
        "nixpkgs": [
          "nixpkgs"
        ]
      },
      "locked": {
        "lastModified": 1683562176,
        "narHash": "sha256-dlbR1p3lGlyJbr02EhOT11Mv0MfV7Rdqx81UYsd4I6M=",
        "owner": "dmurciaatfluid",
        "repo": "arch_lint",
        "rev": "067d033fc82af3142b9faf6fb307c8812210873b",
        "type": "gitlab"
      },
      "original": {
        "owner": "dmurciaatfluid",
        "ref": "v2.4.0",
        "repo": "arch_lint",
        "type": "gitlab"
      }
    },
    "fa-purity": {
      "inputs": {
        "nix_filter": "nix_filter_2",
        "nixpkgs": [
          "nixpkgs"
        ]
      },
      "locked": {
        "lastModified": 1683067095,
        "narHash": "sha256-PXtAE7mLIlr6urKo+yH+Vwjf4cL+NwjNxa0YhjwQR/4=",
        "owner": "dmurciaatfluid",
        "repo": "purity",
        "rev": "a89d23efd5ee2b2b49b951f187448a1afc6565a3",
        "type": "gitlab"
      },
      "original": {
        "owner": "dmurciaatfluid",
        "ref": "v1.33.2",
        "repo": "purity",
        "type": "gitlab"
      }
    },
    "nix_filter": {
      "locked": {
        "lastModified": 1645371475,
        "narHash": "sha256-z2n0y5ME7yQTqzzGWnQTVd1MG5Bp1E+of7ZgA861/9E=",
        "owner": "numtide",
        "repo": "nix-filter",
        "rev": "38bc843f1ce76958a9f6f0a1e4e3455221c8ecf6",
        "type": "github"
      },
      "original": {
        "owner": "numtide",
        "repo": "nix-filter",
        "type": "github"
      }
    },
    "nix_filter_2": {
      "locked": {
        "lastModified": 1645371475,
        "narHash": "sha256-z2n0y5ME7yQTqzzGWnQTVd1MG5Bp1E+of7ZgA861/9E=",
        "owner": "numtide",
        "repo": "nix-filter",
        "rev": "38bc843f1ce76958a9f6f0a1e4e3455221c8ecf6",
        "type": "github"
      },
      "original": {
        "owner": "numtide",
        "repo": "nix-filter",
        "type": "github"
      }
    },
    "nix_filter_3": {
      "locked": {
        "lastModified": 1645371475,
        "narHash": "sha256-z2n0y5ME7yQTqzzGWnQTVd1MG5Bp1E+of7ZgA861/9E=",
        "owner": "numtide",
        "repo": "nix-filter",
        "rev": "38bc843f1ce76958a9f6f0a1e4e3455221c8ecf6",
        "type": "github"
      },
      "original": {
        "owner": "numtide",
        "repo": "nix-filter",
        "type": "github"
      }
    },
    "nixpkgs": {
      "locked": {
        "lastModified": 1679793451,
        "narHash": "sha256-JafTtgMDATE8dZOImBhWMA9RCn9AP8FVOpN+9K/tTlg=",
        "owner": "nixos",
        "repo": "nixpkgs",
        "rev": "0cd51a933d91078775b300cf0f29aa3495231aa2",
        "type": "github"
      },
      "original": {
        "owner": "nixos",
        "repo": "nixpkgs",
        "rev": "0cd51a933d91078775b300cf0f29aa3495231aa2",
        "type": "github"
      }
    },
    "root": {
      "inputs": {
        "arch-lint": "arch-lint",
        "fa-purity": "fa-purity",
        "nix_filter": "nix_filter_3",
        "nixpkgs": "nixpkgs"
      }
    }
  },
  "root": "root",
  "version": 7
}
